
Microsoft Visual Studio Solution File, Format Version 12.00
# Visual Studio 15
VisualStudioVersion = 15.0.28010.2036
MinimumVisualStudioVersion = 10.0.40219.1
Project("{2150E333-8FDC-42A3-9474-1A3956D46DE8}") = "2 Apis", "2 Apis", "{2D185327-C077-4AC9-A5DD-F91124F47572}"
EndProject
Project("{2150E333-8FDC-42A3-9474-1A3956D46DE8}") = "0 Framework", "0 Framework", "{1BFF248D-8399-425C-8180-3BD9556821DD}"
EndProject
Project("{2150E333-8FDC-42A3-9474-1A3956D46DE8}") = "1 Middleware", "1 Middleware", "{7376D610-FD89-476E-AEF0-8406C63F2830}"
EndProject
Project("{2150E333-8FDC-42A3-9474-1A3956D46DE8}") = "4 UnitTests", "4 UnitTests", "{A95B0C6D-AAFA-4D7D-BDBD-62AF2551169E}"
EndProject
Project("{2150E333-8FDC-42A3-9474-1A3956D46DE8}") = "3 UserInterface", "3 UserInterface", "{F78D9D0D-FFB4-47EA-8397-FEC5FFBDC469}"
EndProject
Project("{9A19103F-16F7-4668-BE54-9A1E7A4F7556}") = "Gseey.Framework.Common", "Framework\Gseey.Framework.Common\Gseey.Framework.Common.csproj", "{A21912AC-DFD1-4752-BEE0-90310209AF67}"
EndProject
Project("{9A19103F-16F7-4668-BE54-9A1E7A4F7556}") = "Gseey.Framework.DataBase", "Framework\Gseey.Framework.DataBase\Gseey.Framework.DataBase.csproj", "{26202ABC-2DDE-47F6-B377-E5FF603D3902}"
EndProject
Project("{9A19103F-16F7-4668-BE54-9A1E7A4F7556}") = "Gseey.Framework.MessageQueue", "Framework\Gseey.Framework.MessageQueue\Gseey.Framework.MessageQueue.csproj", "{483ABC36-D704-43CE-B45B-D24508A4D24F}"
EndProject
Project("{9A19103F-16F7-4668-BE54-9A1E7A4F7556}") = "Gseey.Apis.Weixin", "Apis\Gseey.Apis.Weixin\Gseey.Apis.Weixin.csproj", "{7EB17BB7-4493-45B2-AA6A-8AB2B0129CA1}"
EndProject
Project("{9A19103F-16F7-4668-BE54-9A1E7A4F7556}") = "Gseey.UserInterface.FontUI", "UserInterface\Gseey.UserInterface.FontUI\Gseey.UserInterface.FontUI.csproj", "{F519A2FA-DAAB-4BC5-B819-CE0439FDA3F6}"
EndProject
Project("{9A19103F-16F7-4668-BE54-9A1E7A4F7556}") = "Gseey.ConsoleTest", "Test\Gseey.ConsoleTest\Gseey.ConsoleTest.csproj", "{20F94AD8-9268-4F40-AC60-5FB1F9BC7D71}"
EndProject
Project("{9A19103F-16F7-4668-BE54-9A1E7A4F7556}") = "Gseey.Framework.BaseDTO", "Framework\Gseey.Framework.BaseDTO\Gseey.Framework.BaseDTO.csproj", "{BAB26939-EF74-47A4-A356-0A5C09F2DB43}"
EndProject
Project("{9A19103F-16F7-4668-BE54-9A1E7A4F7556}") = "Gseey.Middleware.Weixin", "Middleware\Gseey.Middleware.Weixin\Gseey.Middleware.Weixin.csproj", "{732D7327-C1DC-4C67-9557-61E27998F9B9}"
EndProject
Project("{2150E333-8FDC-42A3-9474-1A3956D46DE8}") = "5 Tools", "5 Tools", "{DEBEB123-849A-48BA-80A4-C0B6A863B1F1}"
EndProject
Project("{9A19103F-16F7-4668-BE54-9A1E7A4F7556}") = "WebFileExplorer", "Tools\WebFileExplorer\WebFileExplorer.csproj", "{E7CCFE3B-19A1-47A8-90DD-407AB06B0F59}"
EndProject
Project("{FAE04EC0-301F-11D3-BF4B-00C04F79EFBC}") = "TaobaokeTools", "TaobaokeTools\TaobaokeTools.csproj", "{4901A0B0-5DF6-486F-944A-C47E5FBE2DD2}"
EndProject
Global
	GlobalSection(SolutionConfigurationPlatforms) = preSolution
		Debug|Any CPU = Debug|Any CPU
		Release|Any CPU = Release|Any CPU
	EndGlobalSection
	GlobalSection(ProjectConfigurationPlatforms) = postSolution
		{A21912AC-DFD1-4752-BEE0-90310209AF67}.Debug|Any CPU.ActiveCfg = Debug|Any CPU
		{A21912AC-DFD1-4752-BEE0-90310209AF67}.Debug|Any CPU.Build.0 = Debug|Any CPU
		{A21912AC-DFD1-4752-BEE0-90310209AF67}.Release|Any CPU.ActiveCfg = Release|Any CPU
		{A21912AC-DFD1-4752-BEE0-90310209AF67}.Release|Any CPU.Build.0 = Release|Any CPU
		{26202ABC-2DDE-47F6-B377-E5FF603D3902}.Debug|Any CPU.ActiveCfg = Debug|Any CPU
		{26202ABC-2DDE-47F6-B377-E5FF603D3902}.Debug|Any CPU.Build.0 = Debug|Any CPU
		{26202ABC-2DDE-47F6-B377-E5FF603D3902}.Release|Any CPU.ActiveCfg = Release|Any CPU
		{26202ABC-2DDE-47F6-B377-E5FF603D3902}.Release|Any CPU.Build.0 = Release|Any CPU
		{483ABC36-D704-43CE-B45B-D24508A4D24F}.Debug|Any CPU.ActiveCfg = Debug|Any CPU
		{483ABC36-D704-43CE-B45B-D24508A4D24F}.Debug|Any CPU.Build.0 = Debug|Any CPU
		{483ABC36-D704-43CE-B45B-D24508A4D24F}.Release|Any CPU.ActiveCfg = Release|Any CPU
		{483ABC36-D704-43CE-B45B-D24508A4D24F}.Release|Any CPU.Build.0 = Release|Any CPU
		{7EB17BB7-4493-45B2-AA6A-8AB2B0129CA1}.Debug|Any CPU.ActiveCfg = Debug|Any CPU
		{7EB17BB7-4493-45B2-AA6A-8AB2B0129CA1}.Debug|Any CPU.Build.0 = Debug|Any CPU
		{7EB17BB7-4493-45B2-AA6A-8AB2B0129CA1}.Release|Any CPU.ActiveCfg = Release|Any CPU
		{7EB17BB7-4493-45B2-AA6A-8AB2B0129CA1}.Release|Any CPU.Build.0 = Release|Any CPU
		{F519A2FA-DAAB-4BC5-B819-CE0439FDA3F6}.Debug|Any CPU.ActiveCfg = Debug|Any CPU
		{F519A2FA-DAAB-4BC5-B819-CE0439FDA3F6}.Debug|Any CPU.Build.0 = Debug|Any CPU
		{F519A2FA-DAAB-4BC5-B819-CE0439FDA3F6}.Release|Any CPU.ActiveCfg = Release|Any CPU
		{F519A2FA-DAAB-4BC5-B819-CE0439FDA3F6}.Release|Any CPU.Build.0 = Release|Any CPU
		{20F94AD8-9268-4F40-AC60-5FB1F9BC7D71}.Debug|Any CPU.ActiveCfg = Debug|Any CPU
		{20F94AD8-9268-4F40-AC60-5FB1F9BC7D71}.Debug|Any CPU.Build.0 = Debug|Any CPU
		{20F94AD8-9268-4F40-AC60-5FB1F9BC7D71}.Release|Any CPU.ActiveCfg = Release|Any CPU
		{20F94AD8-9268-4F40-AC60-5FB1F9BC7D71}.Release|Any CPU.Build.0 = Release|Any CPU
		{BAB26939-EF74-47A4-A356-0A5C09F2DB43}.Debug|Any CPU.ActiveCfg = Debug|Any CPU
		{BAB26939-EF74-47A4-A356-0A5C09F2DB43}.Debug|Any CPU.Build.0 = Debug|Any CPU
		{BAB26939-EF74-47A4-A356-0A5C09F2DB43}.Release|Any CPU.ActiveCfg = Release|Any CPU
		{BAB26939-EF74-47A4-A356-0A5C09F2DB43}.Release|Any CPU.Build.0 = Release|Any CPU
		{732D7327-C1DC-4C67-9557-61E27998F9B9}.Debug|Any CPU.ActiveCfg = Debug|Any CPU
		{732D7327-C1DC-4C67-9557-61E27998F9B9}.Debug|Any CPU.Build.0 = Debug|Any CPU
		{732D7327-C1DC-4C67-9557-61E27998F9B9}.Release|Any CPU.ActiveCfg = Release|Any CPU
		{732D7327-C1DC-4C67-9557-61E27998F9B9}.Release|Any CPU.Build.0 = Release|Any CPU
		{E7CCFE3B-19A1-47A8-90DD-407AB06B0F59}.Debug|Any CPU.ActiveCfg = Debug|Any CPU
		{E7CCFE3B-19A1-47A8-90DD-407AB06B0F59}.Debug|Any CPU.Build.0 = Debug|Any CPU
		{E7CCFE3B-19A1-47A8-90DD-407AB06B0F59}.Release|Any CPU.ActiveCfg = Release|Any CPU
		{E7CCFE3B-19A1-47A8-90DD-407AB06B0F59}.Release|Any CPU.Build.0 = Release|Any CPU
		{4901A0B0-5DF6-486F-944A-C47E5FBE2DD2}.Debug|Any CPU.ActiveCfg = Debug|Any CPU
		{4901A0B0-5DF6-486F-944A-C47E5FBE2DD2}.Debug|Any CPU.Build.0 = Debug|Any CPU
		{4901A0B0-5DF6-486F-944A-C47E5FBE2DD2}.Release|Any CPU.ActiveCfg = Release|Any CPU
		{4901A0B0-5DF6-486F-944A-C47E5FBE2DD2}.Release|Any CPU.Build.0 = Release|Any CPU
	EndGlobalSection
	GlobalSection(SolutionProperties) = preSolution
		HideSolutionNode = FALSE
	EndGlobalSection
	GlobalSection(NestedProjects) = preSolution
		{A21912AC-DFD1-4752-BEE0-90310209AF67} = {1BFF248D-8399-425C-8180-3BD9556821DD}
		{26202ABC-2DDE-47F6-B377-E5FF603D3902} = {1BFF248D-8399-425C-8180-3BD9556821DD}
		{483ABC36-D704-43CE-B45B-D24508A4D24F} = {1BFF248D-8399-425C-8180-3BD9556821DD}
		{7EB17BB7-4493-45B2-AA6A-8AB2B0129CA1} = {2D185327-C077-4AC9-A5DD-F91124F47572}
		{F519A2FA-DAAB-4BC5-B819-CE0439FDA3F6} = {F78D9D0D-FFB4-47EA-8397-FEC5FFBDC469}
		{20F94AD8-9268-4F40-AC60-5FB1F9BC7D71} = {A95B0C6D-AAFA-4D7D-BDBD-62AF2551169E}
		{BAB26939-EF74-47A4-A356-0A5C09F2DB43} = {1BFF248D-8399-425C-8180-3BD9556821DD}
		{732D7327-C1DC-4C67-9557-61E27998F9B9} = {7376D610-FD89-476E-AEF0-8406C63F2830}
		{E7CCFE3B-19A1-47A8-90DD-407AB06B0F59} = {DEBEB123-849A-48BA-80A4-C0B6A863B1F1}
		{4901A0B0-5DF6-486F-944A-C47E5FBE2DD2} = {DEBEB123-849A-48BA-80A4-C0B6A863B1F1}
	EndGlobalSection
	GlobalSection(ExtensibilityGlobals) = postSolution
		SolutionGuid = {9FCF8BEF-F038-44B1-9A89-4D0A66576AEA}
	EndGlobalSection
EndGlobal
